// !$*UTF8*$!
{
	archiveVersion = 1;
	classes = {
	};
	objectVersion = 46;
	objects = {

/* Begin PBXBuildFile section */
		F8169EF41CFFAE6100A0B0D4 /* ideas.txt in Resources */ = {isa = PBXBuildFile; fileRef = F8169EF31CFFAE6100A0B0D4 /* ideas.txt */; };
		F87678A41CFA7D2500D16044 /* RatingControl.swift in Sources */ = {isa = PBXBuildFile; fileRef = F87678A31CFA7D2500D16044 /* RatingControl.swift */; };
		F87678A61CFA9C5100D16044 /* Meal.swift in Sources */ = {isa = PBXBuildFile; fileRef = F87678A51CFA9C5100D16044 /* Meal.swift */; };
		F87678A81CFAA23B00D16044 /* MealTableViewCell.swift in Sources */ = {isa = PBXBuildFile; fileRef = F87678A71CFAA23B00D16044 /* MealTableViewCell.swift */; };
		F87678AA1CFAAD0700D16044 /* MealTableViewController.swift in Sources */ = {isa = PBXBuildFile; fileRef = F87678A91CFAAD0700D16044 /* MealTableViewController.swift */; };
		F8E7EC951CF9DF7F0082E876 /* AppDelegate.swift in Sources */ = {isa = PBXBuildFile; fileRef = F8E7EC941CF9DF7F0082E876 /* AppDelegate.swift */; };
		F8E7EC971CF9DF7F0082E876 /* ViewController.swift in Sources */ = {isa = PBXBuildFile; fileRef = F8E7EC961CF9DF7F0082E876 /* ViewController.swift */; };
		F8E7EC9A1CF9DF7F0082E876 /* Main.storyboard in Resources */ = {isa = PBXBuildFile; fileRef = F8E7EC981CF9DF7F0082E876 /* Main.storyboard */; };
		F8E7EC9C1CF9DF7F0082E876 /* Assets.xcassets in Resources */ = {isa = PBXBuildFile; fileRef = F8E7EC9B1CF9DF7F0082E876 /* Assets.xcassets */; };
		F8E7EC9F1CF9DF7F0082E876 /* LaunchScreen.storyboard in Resources */ = {isa = PBXBuildFile; fileRef = F8E7EC9D1CF9DF7F0082E876 /* LaunchScreen.storyboard */; };
/* End PBXBuildFile section */

/* Begin PBXFileReference section */
		F8169EF31CFFAE6100A0B0D4 /* ideas.txt */ = {isa = PBXFileReference; fileEncoding = 4; lastKnownFileType = text; path = ideas.txt; sourceTree = "<group>"; };
		F87678A31CFA7D2500D16044 /* RatingControl.swift */ = {isa = PBXFileReference; fileEncoding = 4; lastKnownFileType = sourcecode.swift; path = RatingControl.swift; sourceTree = "<group>"; };
		F87678A51CFA9C5100D16044 /* Meal.swift */ = {isa = PBXFileReference; fileEncoding = 4; lastKnownFileType = sourcecode.swift; path = Meal.swift; sourceTree = "<group>"; };
		F87678A71CFAA23B00D16044 /* MealTableViewCell.swift */ = {isa = PBXFileReference; fileEncoding = 4; lastKnownFileType = sourcecode.swift; path = MealTableViewCell.swift; sourceTree = "<group>"; };
		F87678A91CFAAD0700D16044 /* MealTableViewController.swift */ = {isa = PBXFileReference; fileEncoding = 4; lastKnownFileType = sourcecode.swift; path = MealTableViewController.swift; sourceTree = "<group>"; };
		F8E7EC911CF9DF7F0082E876 /* foodtracker.app */ = {isa = PBXFileReference; explicitFileType = wrapper.application; includeInIndex = 0; path = foodtracker.app; sourceTree = BUILT_PRODUCTS_DIR; };
		F8E7EC941CF9DF7F0082E876 /* AppDelegate.swift */ = {isa = PBXFileReference; lastKnownFileType = sourcecode.swift; path = AppDelegate.swift; sourceTree = "<group>"; };
		F8E7EC961CF9DF7F0082E876 /* ViewController.swift */ = {isa = PBXFileReference; lastKnownFileType = sourcecode.swift; path = ViewController.swift; sourceTree = "<group>"; };
		F8E7EC991CF9DF7F0082E876 /* Base */ = {isa = PBXFileReference; lastKnownFileType = file.storyboard; name = Base; path = Base.lproj/Main.storyboard; sourceTree = "<group>"; };
		F8E7EC9B1CF9DF7F0082E876 /* Assets.xcassets */ = {isa = PBXFileReference; lastKnownFileType = folder.assetcatalog; path = Assets.xcassets; sourceTree = "<group>"; };
		F8E7EC9E1CF9DF7F0082E876 /* Base */ = {isa = PBXFileReference; lastKnownFileType = file.storyboard; name = Base; path = Base.lproj/LaunchScreen.storyboard; sourceTree = "<group>"; };
		F8E7ECA01CF9DF7F0082E876 /* Info.plist */ = {isa = PBXFileReference; lastKnownFileType = text.plist.xml; path = Info.plist; sourceTree = "<group>"; };
/* End PBXFileReference section */

/* Begin PBXFrameworksBuildPhase section */
		F8E7EC8E1CF9DF7F0082E876 /* Frameworks */ = {
			isa = PBXFrameworksBuildPhase;
			buildActionMask = 2147483647;
			files = (
			);
			runOnlyForDeploymentPostprocessing = 0;
		};
/* End PBXFrameworksBuildPhase section */

/* Begin PBXGroup section */
		F8E7EC881CF9DF7F0082E876 = {
			isa = PBXGroup;
			children = (
				F8E7EC931CF9DF7F0082E876 /* foodtracker */,
				F8E7EC921CF9DF7F0082E876 /* Products */,
			);
			sourceTree = "<group>";
		};
		F8E7EC921CF9DF7F0082E876 /* Products */ = {
			isa = PBXGroup;
			children = (
				F8E7EC911CF9DF7F0082E876 /* foodtracker.app */,
			);
			name = Products;
			sourceTree = "<group>";
		};
		F8E7EC931CF9DF7F0082E876 /* foodtracker */ = {
			isa = PBXGroup;
			children = (
				F8E7EC941CF9DF7F0082E876 /* AppDelegate.swift */,
				F8E7EC961CF9DF7F0082E876 /* ViewController.swift */,
				F8E7EC981CF9DF7F0082E876 /* Main.storyboard */,
				F8E7EC9B1CF9DF7F0082E876 /* Assets.xcassets */,
				F8E7EC9D1CF9DF7F0082E876 /* LaunchScreen.storyboard */,
				F8E7ECA01CF9DF7F0082E876 /* Info.plist */,
				F87678A31CFA7D2500D16044 /* RatingControl.swift */,
				F87678A51CFA9C5100D16044 /* Meal.swift */,
				F87678A71CFAA23B00D16044 /* MealTableViewCell.swift */,
				F87678A91CFAAD0700D16044 /* MealTableViewController.swift */,
				F8169EF31CFFAE6100A0B0D4 /* ideas.txt */,
			);
			path = foodtracker;
			sourceTree = "<group>";
		};
/* End PBXGroup section */

/* Begin PBXNativeTarget section */
		F8E7EC901CF9DF7F0082E876 /* foodtracker */ = {
			isa = PBXNativeTarget;
			buildConfigurationList = F8E7ECA31CF9DF7F0082E876 /* Build configuration list for PBXNativeTarget "foodtracker" */;
			buildPhases = (
				F8E7EC8D1CF9DF7F0082E876 /* Sources */,
				F8E7EC8E1CF9DF7F0082E876 /* Frameworks */,
				F8E7EC8F1CF9DF7F0082E876 /* Resources */,
			);
			buildRules = (
			);
			dependencies = (
			);
			name = foodtracker;
			productName = foodtracker;
			productReference = F8E7EC911CF9DF7F0082E876 /* foodtracker.app */;
			productType = "com.apple.product-type.application";
		};
/* End PBXNativeTarget section */

/* Begin PBXProject section */
		F8E7EC891CF9DF7F0082E876 /* Project object */ = {
			isa = PBXProject;
			attributes = {
				LastSwiftUpdateCheck = 0730;
				LastUpgradeCheck = 0730;
				ORGANIZATIONNAME = "Augustine Kisitu";
				TargetAttributes = {
					F8E7EC901CF9DF7F0082E876 = {
						CreatedOnToolsVersion = 7.3.1;
						DevelopmentTeam = ZVTC7472A6;
					};
				};
			};
			buildConfigurationList = F8E7EC8C1CF9DF7F0082E876 /* Build configuration list for PBXProject "foodtracker" */;
			compatibilityVersion = "Xcode 3.2";
			developmentRegion = English;
			hasScannedForEncodings = 0;
			knownRegions = (
				en,
				Base,
			);
			mainGroup = F8E7EC881CF9DF7F0082E876;
			productRefGroup = F8E7EC921CF9DF7F0082E876 /* Products */;
			projectDirPath = "";
			projectRoot = "";
			targets = (
				F8E7EC901CF9DF7F0082E876 /* foodtracker */,
			);
		};
/* End PBXProject section */

/* Begin PBXResourcesBuildPhase section */
		F8E7EC8F1CF9DF7F0082E876 /* Resources */ = {
			isa = PBXResourcesBuildPhase;
			buildActionMask = 2147483647;
			files = (
				F8E7EC9F1CF9DF7F0082E876 /* LaunchScreen.storyboard in Resources */,
				F8169EF41CFFAE6100A0B0D4 /* ideas.txt in Resources */,
				F8E7EC9C1CF9DF7F0082E876 /* Assets.xcassets in Resources */,
				F8E7EC9A1CF9DF7F0082E876 /* Main.storyboard in Resources */,
			);
			runOnlyForDeploymentPostprocessing = 0;
		};
/* End PBXResourcesBuildPhase section */

/* Begin PBXSourcesBuildPhase section */
		F8E7EC8D1CF9DF7F0082E876 /* Sources */ = {
			isa = PBXSourcesBuildPhase;
			buildActionMask = 2147483647;
			files = (
				F87678A61CFA9C5100D16044 /* Meal.swift in Sources */,
				F8E7EC971CF9DF7F0082E876 /* ViewController.swift in Sources */,
				F87678A41CFA7D2500D16044 /* RatingControl.swift in Sources */,
				F8E7EC951CF9DF7F0082E876 /* AppDelegate.swift in Sources */,
				F87678AA1CFAAD0700D16044 /* MealTableViewController.swift in Sources */,
				F87678A81CFAA23B00D16044 /* MealTableViewCell.swift in Sources */,
			);
			runOnlyForDeploymentPostprocessing = 0;
		};
/* End PBXSourcesBuildPhase section */

/* Begin PBXVariantGroup section */
		F8E7EC981CF9DF7F0082E876 /* Main.storyboard */ = {
			isa = PBXVariantGroup;
			children = (
				F8E7EC991CF9DF7F0082E876 /* Base */,
			);
			name = Main.storyboard;
			sourceTree = "<group>";
		};
		F8E7EC9D1CF9DF7F0082E876 /* LaunchScreen.storyboard */ = {
			isa = PBXVariantGroup;
			children = (
				F8E7EC9E1CF9DF7F0082E876 /* Base */,
			);
			name = LaunchScreen.storyboard;
			sourceTree = "<group>";
		};
/* End PBXVariantGroup section */

/* Begin XCBuildConfiguration section */
		F8E7ECA11CF9DF7F0082E876 /* Debug */ = {
			isa = XCBuildConfiguration;
			buildSettings = {
				ALWAYS_SEARCH_USER_PATHS = NO;
				CLANG_ANALYZER_NONNULL = YES;
				CLANG_CXX_LANGUAGE_STANDARD = "gnu++0x";
				CLANG_CXX_LIBRARY = "libc++";
				CLANG_ENABLE_MODULES = YES;
				CLANG_ENABLE_OBJC_ARC = YES;
				CLANG_WARN_BOOL_CONVERSION = YES;
				CLANG_WARN_CONSTANT_CONVERSION = YES;
				CLANG_WARN_DIRECT_OBJC_ISA_USAGE = YES_ERROR;
				CLANG_WARN_EMPTY_BODY = YES;
				CLANG_WARN_ENUM_CONVERSION = YES;
				CLANG_WARN_INT_CONVERSION = YES;
				CLANG_WARN_OBJC_ROOT_CLASS = YES_ERROR;
				CLANG_WARN_UNREACHABLE_CODE = YES;
				CLANG_WARN__DUPLICATE_METHOD_MATCH = YES;
				"CODE_SIGN_IDENTITY[sdk=iphoneos*]" = "iPhone Developer";
				COPY_PHASE_STRIP = NO;
				DEBUG_INFORMATION_FORMAT = dwarf;
				ENABLE_STRICT_OBJC_MSGSEND = YES;
				ENABLE_TESTABILITY = YES;
				GCC_C_LANGUAGE_STANDARD = gnu99;
				GCC_DYNAMIC_NO_PIC = NO;
				GCC_NO_COMMON_BLOCKS = YES;
				GCC_OPTIMIZATION_LEVEL = 0;
				GCC_PREPROCESSOR_DEFINITIONS = (
					"DEBUG=1",
					"$(inherited)",
				);
				GCC_WARN_64_TO_32_BIT_CONVERSION = YES;
				GCC_WARN_ABOUT_RETURN_TYPE = YES_ERROR;
				GCC_WARN_UNDECLARED_SELECTOR = YES;
				GCC_WARN_UNINITIALIZED_AUTOS = YES_AGGRESSIVE;
				GCC_WARN_UNUSED_FUNCTION = YES;
				GCC_WARN_UNUSED_VARIABLE = YES;
				IPHONEOS_DEPLOYMENT_TARGET = 9.3;
				MTL_ENABLE_DEBUG_INFO = YES;
				ONLY_ACTIVE_ARCH = YES;
				SDKROOT = iphoneos;
				SWIFT_OPTIMIZATION_LEVEL = "-Onone";
				TARGETED_DEVICE_FAMILY = "1,2";
			};
			name = Debug;
		};
		F8E7ECA21CF9DF7F0082E876 /* Release */ = {
			isa = XCBuildConfiguration;
			buildSettings = {
				ALWAYS_SEARCH_USER_PATHS = NO;
				CLANG_ANALYZER_NONNULL = YES;
				CLANG_CXX_LANGUAGE_STANDARD = "gnu++0x";
				CLANG_CXX_LIBRARY = "libc++";
				CLANG_ENABLE_MODULES = YES;
				CLANG_ENABLE_OBJC_ARC = YES;
				CLANG_WARN_BOOL_CONVERSION = YES;
				CLANG_WARN_CONSTANT_CONVERSION = YES;
				CLANG_WARN_DIRECT_OBJC_ISA_USAGE = YES_ERROR;
				CLANG_WARN_EMPTY_BODY = YES;
				CLANG_WARN_ENUM_CONVERSION = YES;
				CLANG_WARN_INT_CONVERSION = YES;
				CLANG_WARN_OBJC_ROOT_CLASS = YES_ERROR;
				CLANG_WARN_UNREACHABLE_CODE = YES;
				CLANG_WARN__DUPLICATE_METHOD_MATCH = YES;
				"CODE_SIGN_IDENTITY[sdk=iphoneos*]" = "iPhone Developer";
				COPY_PHASE_STRIP = NO;
				DEBUG_INFORMATION_FORMAT = "dwarf-with-dsym";
				ENABLE_NS_ASSERTIONS = NO;
				ENABLE_STRICT_OBJC_MSGSEND = YES;
				GCC_C_LANGUAGE_STANDARD = gnu99;
				GCC_NO_COMMON_BLOCKS = YES;
				GCC_WARN_64_TO_32_BIT_CONVERSION = YES;
				GCC_WARN_ABOUT_RETURN_TYPE = YES_ERROR;
				GCC_WARN_UNDECLARED_SELECTOR = YES;
				GCC_WARN_UNINITIALIZED_AUTOS = YES_AGGRESSIVE;
				GCC_WARN_UNUSED_FUNCTION = YES;
				GCC_WARN_UNUSED_VARIABLE = YES;
				IPHONEOS_DEPLOYMENT_TARGET = 9.3;
				MTL_ENABLE_DEBUG_INFO = NO;
				SDKROOT = iphoneos;
				TARGETED_DEVICE_FAMILY = "1,2";
				VALIDATE_PRODUCT = YES;
			};
			name = Release;
		};
		F8E7ECA41CF9DF7F0082E876 /* Debug */ = {
			isa = XCBuildConfiguration;
			buildSettings = {
				ASSETCATALOG_COMPILER_APPICON_NAME = AppIcon;
				INFOPLIST_FILE = foodtracker/Info.plist;
				LD_RUNPATH_SEARCH_PATHS = "$(inherited) @executable_path/Frameworks";
				PRODUCT_BUNDLE_IDENTIFIER = com.food.tracker;
				PRODUCT_NAME = "$(TARGET_NAME)";
			};
			name = Debug;
		};
		F8E7ECA51CF9DF7F0082E876 /* Release */ = {
			isa = XCBuildConfiguration;
			buildSettings = {
				ASSETCATALOG_COMPILER_APPICON_NAME = AppIcon;
				INFOPLIST_FILE = foodtracker/Info.plist;
				LD_RUNPATH_SEARCH_PATHS = "$(inherited) @executable_path/Frameworks";
				PRODUCT_BUNDLE_IDENTIFIER = com.food.tracker;
				PRODUCT_NAME = "$(TARGET_NAME)";
			};
			name = Release;
		};
/* End XCBuildConfiguration section */

/* Begin XCConfigurationList section */
		F8E7EC8C1CF9DF7F0082E876 /* Build configuration list for PBXProject "foodtracker" */ = {
			isa = XCConfigurationList;
			buildConfigurations = (
				F8E7ECA11CF9DF7F0082E876 /* Debug */,
				F8E7ECA21CF9DF7F0082E876 /* Release */,
			);
			defaultConfigurationIsVisible = 0;
			defaultConfigurationName = Release;
		};
		F8E7ECA31CF9DF7F0082E876 /* Build configuration list for PBXNativeTarget "foodtracker" */ = {
			isa = XCConfigurationList;
			buildConfigurations = (
				F8E7ECA41CF9DF7F0082E876 /* Debug */,
				F8E7ECA51CF9DF7F0082E876 /* Release */,
			);
			defaultConfigurationIsVisible = 0;
			defaultConfigurationName = Release;
		};
/* End XCConfigurationList section */
	};
	rootObject = F8E7EC891CF9DF7F0082E876 /* Project object */;
}
